
Microsoft Visual Studio Solution File, Format Version 12.00
# Visual Studio Version 17
VisualStudioVersion = 17.8.34330.188
MinimumVisualStudioVersion = 10.0.40219.1
Project("{FAE04EC0-301F-11D3-BF4B-00C04F79EFBC}") = "KnowledgeTesting", "KnowledgeTesting.csproj", "{D744A62D-DEFD-4F1B-815E-EEA490094689}"
EndProject
Global
	GlobalSection(SolutionConfigurationPlatforms) = preSolution
		Debug|Any CPU = Debug|Any CPU
		Release|Any CPU = Release|Any CPU
	EndGlobalSection
	GlobalSection(ProjectConfigurationPlatforms) = postSolution
		{D744A62D-DEFD-4F1B-815E-EEA490094689}.Debug|Any CPU.ActiveCfg = Debug|Any CPU
		{D744A62D-DEFD-4F1B-815E-EEA490094689}.Debug|Any CPU.Build.0 = Debug|Any CPU
		{D744A62D-DEFD-4F1B-815E-EEA490094689}.Release|Any CPU.ActiveCfg = Release|Any CPU
		{D744A62D-DEFD-4F1B-815E-EEA490094689}.Release|Any CPU.Build.0 = Release|Any CPU
	EndGlobalSection
	GlobalSection(SolutionProperties) = preSolution
		HideSolutionNode = FALSE
	EndGlobalSection
	GlobalSection(ExtensibilityGlobals) = postSolution
		SolutionGuid = {50C7B327-0A92-4880-96D3-D833A364E55B}
	EndGlobalSection
EndGlobal
